lockfileVersion: 5.4

importers:

  .:
    specifiers:
      typescript: next
    devDependencies:
      typescript: 4.8.0-dev.20220526

  packages/event-emitter:
    specifiers: {}

  packages/ts-config:
    specifiers: {}

packages:

  /typescript/4.8.0-dev.20220526:
    resolution: {integrity: sha512-qWTQU8dmR878V0vuAwsBHaHoS9kJDsa/NEsWB3GEMNjiTMvoKfIHUT2YsIo3KlNAZheFKi1G59TJtpibt/gdMQ==}
    engines: {node: '>=4.2.0'}
    hasBin: true
    dev: true
