lockfileVersion: 5.4

importers:

  .:
    specifiers:
      typescript: next
    devDependencies:
      typescript: 4.8.0-dev.20220612

  packages/arithmetic-types:
    specifiers: {}

  packages/event-emitter:
    specifiers: {}

  packages/ts-config:
    specifiers: {}

packages:

  /typescript/4.8.0-dev.20220612:
    resolution: {integrity: sha512-WCXQCSRGloxUcvsFFKlx/HNzsUuW6BaNaMQ5TwWRx6Q44mpOxmg7H5Yq7bzqgZcAEomRFh/9raVfvWxIBDRkmw==}
    engines: {node: '>=4.2.0'}
    hasBin: true
    dev: true
